
Microsoft Visual Studio Solution File, Format Version 12.00
Project("{FAE04EC0-301F-11D3-BF4B-00C04F79EFBC}") = "demo-api", "demo-api\demo-api.csproj", "{D74C2E05-1843-49F9-8480-FA8FE1997390}"
EndProject
Project("{FAE04EC0-301F-11D3-BF4B-00C04F79EFBC}") = "tests", "tests\tests.csproj", "{C925974E-875B-4E87-A9A3-CD1626071C59}"
EndProject
Global
	GlobalSection(SolutionConfigurationPlatforms) = preSolution
		Debug|Any CPU = Debug|Any CPU
		Release|Any CPU = Release|Any CPU
	EndGlobalSection
	GlobalSection(ProjectConfigurationPlatforms) = postSolution
		{D74C2E05-1843-49F9-8480-FA8FE1997390}.Debug|Any CPU.ActiveCfg = Debug|Any CPU
		{D74C2E05-1843-49F9-8480-FA8FE1997390}.Debug|Any CPU.Build.0 = Debug|Any CPU
		{D74C2E05-1843-49F9-8480-FA8FE1997390}.Release|Any CPU.ActiveCfg = Release|Any CPU
		{D74C2E05-1843-49F9-8480-FA8FE1997390}.Release|Any CPU.Build.0 = Release|Any CPU
		{C925974E-875B-4E87-A9A3-CD1626071C59}.Debug|Any CPU.ActiveCfg = Debug|Any CPU
		{C925974E-875B-4E87-A9A3-CD1626071C59}.Debug|Any CPU.Build.0 = Debug|Any CPU
		{C925974E-875B-4E87-A9A3-CD1626071C59}.Release|Any CPU.ActiveCfg = Release|Any CPU
		{C925974E-875B-4E87-A9A3-CD1626071C59}.Release|Any CPU.Build.0 = Release|Any CPU
	EndGlobalSection
EndGlobal
